
Microsoft Visual Studio Solution File, Format Version 12.00
# Visual Studio Version 17
VisualStudioVersion = 17.2.32505.173
MinimumVisualStudioVersion = 10.0.40219.1
Project("{FAE04EC0-301F-11D3-BF4B-00C04F79EFBC}") = "MVCRevistaAcademica", "MVCRevistaAcademica\MVCRevistaAcademica.csproj", "{22AA7419-46E2-4A80-A13A-249119C64CE2}"
EndProject
Global
	GlobalSection(SolutionConfigurationPlatforms) = preSolution
		Debug|Any CPU = Debug|Any CPU
		Release|Any CPU = Release|Any CPU
	EndGlobalSection
	GlobalSection(ProjectConfigurationPlatforms) = postSolution
		{22AA7419-46E2-4A80-A13A-249119C64CE2}.Debug|Any CPU.ActiveCfg = Debug|Any CPU
		{22AA7419-46E2-4A80-A13A-249119C64CE2}.Debug|Any CPU.Build.0 = Debug|Any CPU
		{22AA7419-46E2-4A80-A13A-249119C64CE2}.Release|Any CPU.ActiveCfg = Release|Any CPU
		{22AA7419-46E2-4A80-A13A-249119C64CE2}.Release|Any CPU.Build.0 = Release|Any CPU
	EndGlobalSection
	GlobalSection(SolutionProperties) = preSolution
		HideSolutionNode = FALSE
	EndGlobalSection
	GlobalSection(ExtensibilityGlobals) = postSolution
		SolutionGuid = {CC4ECBFA-3C05-42E2-898C-34E2098EF7CF}
	EndGlobalSection
EndGlobal
